
Microsoft Visual Studio Solution File, Format Version 12.00
# Visual Studio Version 17
VisualStudioVersion = 17.13.35825.156
MinimumVisualStudioVersion = 10.0.40219.1
Project("{FAE04EC0-301F-11D3-BF4B-00C04F79EFBC}") = "Presentation", "Presentation\Presentation.csproj", "{9108E3C6-FDF1-4D0F-A4F5-90F3E086EEE2}"
EndProject
Project("{FAE04EC0-301F-11D3-BF4B-00C04F79EFBC}") = "Data", "Data\Data.csproj", "{303F6D93-7A8E-48FA-8635-5A884F55575E}"
EndProject
Project("{FAE04EC0-301F-11D3-BF4B-00C04F79EFBC}") = "Business", "Business\Business.csproj", "{8CA4E0AB-0AF1-459F-8411-35B88A10AD77}"
EndProject
Project("{FAE04EC0-301F-11D3-BF4B-00C04F79EFBC}") = "Domain", "Domain\Domain.csproj", "{7AE4C501-F1DF-47CA-A5AB-86970F7DFBE4}"
EndProject
Project("{FAE04EC0-301F-11D3-BF4B-00C04F79EFBC}") = "Hubs", "Hubs\Hubs.csproj", "{F4499041-E63C-49FF-85C1-6AA8C60E4AE8}"
EndProject
Global
	GlobalSection(SolutionConfigurationPlatforms) = preSolution
		Debug|Any CPU = Debug|Any CPU
		Release|Any CPU = Release|Any CPU
	EndGlobalSection
	GlobalSection(ProjectConfigurationPlatforms) = postSolution
		{9108E3C6-FDF1-4D0F-A4F5-90F3E086EEE2}.Debug|Any CPU.ActiveCfg = Debug|Any CPU
		{9108E3C6-FDF1-4D0F-A4F5-90F3E086EEE2}.Debug|Any CPU.Build.0 = Debug|Any CPU
		{9108E3C6-FDF1-4D0F-A4F5-90F3E086EEE2}.Release|Any CPU.ActiveCfg = Release|Any CPU
		{9108E3C6-FDF1-4D0F-A4F5-90F3E086EEE2}.Release|Any CPU.Build.0 = Release|Any CPU
		{303F6D93-7A8E-48FA-8635-5A884F55575E}.Debug|Any CPU.ActiveCfg = Debug|Any CPU
		{303F6D93-7A8E-48FA-8635-5A884F55575E}.Debug|Any CPU.Build.0 = Debug|Any CPU
		{303F6D93-7A8E-48FA-8635-5A884F55575E}.Release|Any CPU.ActiveCfg = Release|Any CPU
		{303F6D93-7A8E-48FA-8635-5A884F55575E}.Release|Any CPU.Build.0 = Release|Any CPU
		{8CA4E0AB-0AF1-459F-8411-35B88A10AD77}.Debug|Any CPU.ActiveCfg = Debug|Any CPU
		{8CA4E0AB-0AF1-459F-8411-35B88A10AD77}.Debug|Any CPU.Build.0 = Debug|Any CPU
		{8CA4E0AB-0AF1-459F-8411-35B88A10AD77}.Release|Any CPU.ActiveCfg = Release|Any CPU
		{8CA4E0AB-0AF1-459F-8411-35B88A10AD77}.Release|Any CPU.Build.0 = Release|Any CPU
		{7AE4C501-F1DF-47CA-A5AB-86970F7DFBE4}.Debug|Any CPU.ActiveCfg = Debug|Any CPU
		{7AE4C501-F1DF-47CA-A5AB-86970F7DFBE4}.Debug|Any CPU.Build.0 = Debug|Any CPU
		{7AE4C501-F1DF-47CA-A5AB-86970F7DFBE4}.Release|Any CPU.ActiveCfg = Release|Any CPU
		{7AE4C501-F1DF-47CA-A5AB-86970F7DFBE4}.Release|Any CPU.Build.0 = Release|Any CPU
		{F4499041-E63C-49FF-85C1-6AA8C60E4AE8}.Debug|Any CPU.ActiveCfg = Debug|Any CPU
		{F4499041-E63C-49FF-85C1-6AA8C60E4AE8}.Debug|Any CPU.Build.0 = Debug|Any CPU
		{F4499041-E63C-49FF-85C1-6AA8C60E4AE8}.Release|Any CPU.ActiveCfg = Release|Any CPU
		{F4499041-E63C-49FF-85C1-6AA8C60E4AE8}.Release|Any CPU.Build.0 = Release|Any CPU
	EndGlobalSection
	GlobalSection(SolutionProperties) = preSolution
		HideSolutionNode = FALSE
	EndGlobalSection
	GlobalSection(ExtensibilityGlobals) = postSolution
		SolutionGuid = {1AC499A1-68F0-400F-A338-5436B6EB4BB5}
	EndGlobalSection
EndGlobal
